
Microsoft Visual Studio Solution File, Format Version 12.00
# Visual Studio Version 17
VisualStudioVersion = 17.1.32328.378
MinimumVisualStudioVersion = 10.0.40219.1
Project("{FAE04EC0-301F-11D3-BF4B-00C04F79EFBC}") = "EdwardAPI", "EdwardAPI\EdwardAPI.csproj", "{7FB48016-9FA1-43D9-82BA-EEDBC6525BF2}"
EndProject
Global
	GlobalSection(SolutionConfigurationPlatforms) = preSolution
		Debug|Any CPU = Debug|Any CPU
		Release|Any CPU = Release|Any CPU
	EndGlobalSection
	GlobalSection(ProjectConfigurationPlatforms) = postSolution
		{7FB48016-9FA1-43D9-82BA-EEDBC6525BF2}.Debug|Any CPU.ActiveCfg = Debug|Any CPU
		{7FB48016-9FA1-43D9-82BA-EEDBC6525BF2}.Debug|Any CPU.Build.0 = Debug|Any CPU
		{7FB48016-9FA1-43D9-82BA-EEDBC6525BF2}.Release|Any CPU.ActiveCfg = Release|Any CPU
		{7FB48016-9FA1-43D9-82BA-EEDBC6525BF2}.Release|Any CPU.Build.0 = Release|Any CPU
	EndGlobalSection
	GlobalSection(SolutionProperties) = preSolution
		HideSolutionNode = FALSE
	EndGlobalSection
	GlobalSection(ExtensibilityGlobals) = postSolution
		SolutionGuid = {63518A57-D575-477A-8405-11D3F327A092}
	EndGlobalSection
EndGlobal
